// !$*UTF8*$!
{
	archiveVersion = 1;
	classes = {
	};
	objectVersion = 56;
	objects = {

/* Begin PBXBuildFile section */
		A73CD378297256D400C4F41A /* AppDelegate.swift in Sources */ = {isa = PBXBuildFile; fileRef = A73CD377297256D400C4F41A /* AppDelegate.swift */; };
		A73CD37A297256D400C4F41A /* SceneDelegate.swift in Sources */ = {isa = PBXBuildFile; fileRef = A73CD379297256D400C4F41A /* SceneDelegate.swift */; };
		A73CD37C297256D400C4F41A /* ViewController.swift in Sources */ = {isa = PBXBuildFile; fileRef = A73CD37B297256D400C4F41A /* ViewController.swift */; };
		A73CD37F297256D400C4F41A /* Main.storyboard in Resources */ = {isa = PBXBuildFile; fileRef = A73CD37D297256D400C4F41A /* Main.storyboard */; };
		A73CD381297256D400C4F41A /* Assets.xcassets in Resources */ = {isa = PBXBuildFile; fileRef = A73CD380297256D400C4F41A /* Assets.xcassets */; };
		A73CD384297256D400C4F41A /* LaunchScreen.storyboard in Resources */ = {isa = PBXBuildFile; fileRef = A73CD382297256D400C4F41A /* LaunchScreen.storyboard */; };
		A73CD38F297256D500C4F41A /* ArStylesTests.swift in Sources */ = {isa = PBXBuildFile; fileRef = A73CD38E297256D500C4F41A /* ArStylesTests.swift */; };
		A73CD399297256D500C4F41A /* ArStylesUITests.swift in Sources */ = {isa = PBXBuildFile; fileRef = A73CD398297256D500C4F41A /* ArStylesUITests.swift */; };
		A73CD39B297256D500C4F41A /* ArStylesUITestsLaunchTests.swift in Sources */ = {isa = PBXBuildFile; fileRef = A73CD39A297256D500C4F41A /* ArStylesUITestsLaunchTests.swift */; };
/* End PBXBuildFile section */

/* Begin PBXContainerItemProxy section */
		A73CD38B297256D500C4F41A /* PBXContainerItemProxy */ = {
			isa = PBXContainerItemProxy;
			containerPortal = A73CD36C297256D400C4F41A /* Project object */;
			proxyType = 1;
			remoteGlobalIDString = A73CD373297256D400C4F41A;
			remoteInfo = ArStyles;
		};
		A73CD395297256D500C4F41A /* PBXContainerItemProxy */ = {
			isa = PBXContainerItemProxy;
			containerPortal = A73CD36C297256D400C4F41A /* Project object */;
			proxyType = 1;
			remoteGlobalIDString = A73CD373297256D400C4F41A;
			remoteInfo = ArStyles;
		};
/* End PBXContainerItemProxy section */

/* Begin PBXFileReference section */
		A73CD374297256D400C4F41A /* ArStyles.app */ = {isa = PBXFileReference; explicitFileType = wrapper.application; includeInIndex = 0; path = ArStyles.app; sourceTree = BUILT_PRODUCTS_DIR; };
		A73CD377297256D400C4F41A /* AppDelegate.swift */ = {isa = PBXFileReference; lastKnownFileType = sourcecode.swift; path = AppDelegate.swift; sourceTree = "<group>"; };
		A73CD379297256D400C4F41A /* SceneDelegate.swift */ = {isa = PBXFileReference; lastKnownFileType = sourcecode.swift; path = SceneDelegate.swift; sourceTree = "<group>"; };
		A73CD37B297256D400C4F41A /* ViewController.swift */ = {isa = PBXFileReference; lastKnownFileType = sourcecode.swift; path = ViewController.swift; sourceTree = "<group>"; };
		A73CD37E297256D400C4F41A /* Base */ = {isa = PBXFileReference; lastKnownFileType = file.storyboard; name = Base; path = Base.lproj/Main.storyboard; sourceTree = "<group>"; };
		A73CD380297256D400C4F41A /* Assets.xcassets */ = {isa = PBXFileReference; lastKnownFileType = folder.assetcatalog; path = Assets.xcassets; sourceTree = "<group>"; };
		A73CD383297256D400C4F41A /* Base */ = {isa = PBXFileReference; lastKnownFileType = file.storyboard; name = Base; path = Base.lproj/LaunchScreen.storyboard; sourceTree = "<group>"; };
		A73CD385297256D400C4F41A /* Info.plist */ = {isa = PBXFileReference; lastKnownFileType = text.plist.xml; path = Info.plist; sourceTree = "<group>"; };
		A73CD38A297256D500C4F41A /* ArStylesTests.xctest */ = {isa = PBXFileReference; explicitFileType = wrapper.cfbundle; includeInIndex = 0; path = ArStylesTests.xctest; sourceTree = BUILT_PRODUCTS_DIR; };
		A73CD38E297256D500C4F41A /* ArStylesTests.swift */ = {isa = PBXFileReference; lastKnownFileType = sourcecode.swift; path = ArStylesTests.swift; sourceTree = "<group>"; };
		A73CD394297256D500C4F41A /* ArStylesUITests.xctest */ = {isa = PBXFileReference; explicitFileType = wrapper.cfbundle; includeInIndex = 0; path = ArStylesUITests.xctest; sourceTree = BUILT_PRODUCTS_DIR; };
		A73CD398297256D500C4F41A /* ArStylesUITests.swift */ = {isa = PBXFileReference; lastKnownFileType = sourcecode.swift; path = ArStylesUITests.swift; sourceTree = "<group>"; };
		A73CD39A297256D500C4F41A /* ArStylesUITestsLaunchTests.swift */ = {isa = PBXFileReference; lastKnownFileType = sourcecode.swift; path = ArStylesUITestsLaunchTests.swift; sourceTree = "<group>"; };
/* End PBXFileReference section */

/* Begin PBXFrameworksBuildPhase section */
		A73CD371297256D400C4F41A /* Frameworks */ = {
			isa = PBXFrameworksBuildPhase;
			buildActionMask = 2147483647;
			files = (
			);
			runOnlyForDeploymentPostprocessing = 0;
		};
		A73CD387297256D500C4F41A /* Frameworks */ = {
			isa = PBXFrameworksBuildPhase;
			buildActionMask = 2147483647;
			files = (
			);
			runOnlyForDeploymentPostprocessing = 0;
		};
		A73CD391297256D500C4F41A /* Frameworks */ = {
			isa = PBXFrameworksBuildPhase;
			buildActionMask = 2147483647;
			files = (
			);
			runOnlyForDeploymentPostprocessing = 0;
		};
/* End PBXFrameworksBuildPhase section */

/* Begin PBXGroup section */
		A73CD36B297256D400C4F41A = {
			isa = PBXGroup;
			children = (
				A73CD376297256D400C4F41A /* ArStyles */,
				A73CD38D297256D500C4F41A /* ArStylesTests */,
				A73CD397297256D500C4F41A /* ArStylesUITests */,
				A73CD375297256D400C4F41A /* Products */,
			);
			sourceTree = "<group>";
		};
		A73CD375297256D400C4F41A /* Products */ = {
			isa = PBXGroup;
			children = (
				A73CD374297256D400C4F41A /* ArStyles.app */,
				A73CD38A297256D500C4F41A /* ArStylesTests.xctest */,
				A73CD394297256D500C4F41A /* ArStylesUITests.xctest */,
			);
			name = Products;
			sourceTree = "<group>";
		};
		A73CD376297256D400C4F41A /* ArStyles */ = {
			isa = PBXGroup;
			children = (
				A73CD377297256D400C4F41A /* AppDelegate.swift */,
				A73CD379297256D400C4F41A /* SceneDelegate.swift */,
				A73CD37B297256D400C4F41A /* ViewController.swift */,
				A73CD37D297256D400C4F41A /* Main.storyboard */,
				A73CD380297256D400C4F41A /* Assets.xcassets */,
				A73CD382297256D400C4F41A /* LaunchScreen.storyboard */,
				A73CD385297256D400C4F41A /* Info.plist */,
			);
			path = ArStyles;
			sourceTree = "<group>";
		};
		A73CD38D297256D500C4F41A /* ArStylesTests */ = {
			isa = PBXGroup;
			children = (
				A73CD38E297256D500C4F41A /* ArStylesTests.swift */,
			);
			path = ArStylesTests;
			sourceTree = "<group>";
		};
		A73CD397297256D500C4F41A /* ArStylesUITests */ = {
			isa = PBXGroup;
			children = (
				A73CD398297256D500C4F41A /* ArStylesUITests.swift */,
				A73CD39A297256D500C4F41A /* ArStylesUITestsLaunchTests.swift */,
			);
			path = ArStylesUITests;
			sourceTree = "<group>";
		};
/* End PBXGroup section */

/* Begin PBXNativeTarget section */
		A73CD373297256D400C4F41A /* ArStyles */ = {
			isa = PBXNativeTarget;
			buildConfigurationList = A73CD39E297256D500C4F41A /* Build configuration list for PBXNativeTarget "ArStyles" */;
			buildPhases = (
				A73CD370297256D400C4F41A /* Sources */,
				A73CD371297256D400C4F41A /* Frameworks */,
				A73CD372297256D400C4F41A /* Resources */,
			);
			buildRules = (
			);
			dependencies = (
			);
			name = ArStyles;
			productName = ArStyles;
			productReference = A73CD374297256D400C4F41A /* ArStyles.app */;
			productType = "com.apple.product-type.application";
		};
		A73CD389297256D500C4F41A /* ArStylesTests */ = {
			isa = PBXNativeTarget;
			buildConfigurationList = A73CD3A1297256D500C4F41A /* Build configuration list for PBXNativeTarget "ArStylesTests" */;
			buildPhases = (
				A73CD386297256D500C4F41A /* Sources */,
				A73CD387297256D500C4F41A /* Frameworks */,
				A73CD388297256D500C4F41A /* Resources */,
			);
			buildRules = (
			);
			dependencies = (
				A73CD38C297256D500C4F41A /* PBXTargetDependency */,
			);
			name = ArStylesTests;
			productName = ArStylesTests;
			productReference = A73CD38A297256D500C4F41A /* ArStylesTests.xctest */;
			productType = "com.apple.product-type.bundle.unit-test";
		};
		A73CD393297256D500C4F41A /* ArStylesUITests */ = {
			isa = PBXNativeTarget;
			buildConfigurationList = A73CD3A4297256D500C4F41A /* Build configuration list for PBXNativeTarget "ArStylesUITests" */;
			buildPhases = (
				A73CD390297256D500C4F41A /* Sources */,
				A73CD391297256D500C4F41A /* Frameworks */,
				A73CD392297256D500C4F41A /* Resources */,
			);
			buildRules = (
			);
			dependencies = (
				A73CD396297256D500C4F41A /* PBXTargetDependency */,
			);
			name = ArStylesUITests;
			productName = ArStylesUITests;
			productReference = A73CD394297256D500C4F41A /* ArStylesUITests.xctest */;
			productType = "com.apple.product-type.bundle.ui-testing";
		};
/* End PBXNativeTarget section */

/* Begin PBXProject section */
		A73CD36C297256D400C4F41A /* Project object */ = {
			isa = PBXProject;
			attributes = {
				BuildIndependentTargetsInParallel = 1;
				LastSwiftUpdateCheck = 1420;
				LastUpgradeCheck = 1420;
				TargetAttributes = {
					A73CD373297256D400C4F41A = {
						CreatedOnToolsVersion = 14.2;
					};
					A73CD389297256D500C4F41A = {
						CreatedOnToolsVersion = 14.2;
						TestTargetID = A73CD373297256D400C4F41A;
					};
					A73CD393297256D500C4F41A = {
						CreatedOnToolsVersion = 14.2;
						TestTargetID = A73CD373297256D400C4F41A;
					};
				};
			};
			buildConfigurationList = A73CD36F297256D400C4F41A /* Build configuration list for PBXProject "ArStyles" */;
			compatibilityVersion = "Xcode 14.0";
			developmentRegion = en;
			hasScannedForEncodings = 0;
			knownRegions = (
				en,
				Base,
			);
			mainGroup = A73CD36B297256D400C4F41A;
			productRefGroup = A73CD375297256D400C4F41A /* Products */;
			projectDirPath = "";
			projectRoot = "";
			targets = (
				A73CD373297256D400C4F41A /* ArStyles */,
				A73CD389297256D500C4F41A /* ArStylesTests */,
				A73CD393297256D500C4F41A /* ArStylesUITests */,
			);
		};
/* End PBXProject section */

/* Begin PBXResourcesBuildPhase section */
		A73CD372297256D400C4F41A /* Resources */ = {
			isa = PBXResourcesBuildPhase;
			buildActionMask = 2147483647;
			files = (
				A73CD384297256D400C4F41A /* LaunchScreen.storyboard in Resources */,
				A73CD381297256D400C4F41A /* Assets.xcassets in Resources */,
				A73CD37F297256D400C4F41A /* Main.storyboard in Resources */,
			);
			runOnlyForDeploymentPostprocessing = 0;
		};
		A73CD388297256D500C4F41A /* Resources */ = {
			isa = PBXResourcesBuildPhase;
			buildActionMask = 2147483647;
			files = (
			);
			runOnlyForDeploymentPostprocessing = 0;
		};
		A73CD392297256D500C4F41A /* Resources */ = {
			isa = PBXResourcesBuildPhase;
			buildActionMask = 2147483647;
			files = (
			);
			runOnlyForDeploymentPostprocessing = 0;
		};
/* End PBXResourcesBuildPhase section */

/* Begin PBXSourcesBuildPhase section */
		A73CD370297256D400C4F41A /* Sources */ = {
			isa = PBXSourcesBuildPhase;
			buildActionMask = 2147483647;
			files = (
				A73CD37C297256D400C4F41A /* ViewController.swift in Sources */,
				A73CD378297256D400C4F41A /* AppDelegate.swift in Sources */,
				A73CD37A297256D400C4F41A /* SceneDelegate.swift in Sources */,
			);
			runOnlyForDeploymentPostprocessing = 0;
		};
		A73CD386297256D500C4F41A /* Sources */ = {
			isa = PBXSourcesBuildPhase;
			buildActionMask = 2147483647;
			files = (
				A73CD38F297256D500C4F41A /* ArStylesTests.swift in Sources */,
			);
			runOnlyForDeploymentPostprocessing = 0;
		};
		A73CD390297256D500C4F41A /* Sources */ = {
			isa = PBXSourcesBuildPhase;
			buildActionMask = 2147483647;
			files = (
				A73CD39B297256D500C4F41A /* ArStylesUITestsLaunchTests.swift in Sources */,
				A73CD399297256D500C4F41A /* ArStylesUITests.swift in Sources */,
			);
			runOnlyForDeploymentPostprocessing = 0;
		};
/* End PBXSourcesBuildPhase section */

/* Begin PBXTargetDependency section */
		A73CD38C297256D500C4F41A /* PBXTargetDependency */ = {
			isa = PBXTargetDependency;
			target = A73CD373297256D400C4F41A /* ArStyles */;
			targetProxy = A73CD38B297256D500C4F41A /* PBXContainerItemProxy */;
		};
		A73CD396297256D500C4F41A /* PBXTargetDependency */ = {
			isa = PBXTargetDependency;
			target = A73CD373297256D400C4F41A /* ArStyles */;
			targetProxy = A73CD395297256D500C4F41A /* PBXContainerItemProxy */;
		};
/* End PBXTargetDependency section */

/* Begin PBXVariantGroup section */
		A73CD37D297256D400C4F41A /* Main.storyboard */ = {
			isa = PBXVariantGroup;
			children = (
				A73CD37E297256D400C4F41A /* Base */,
			);
			name = Main.storyboard;
			sourceTree = "<group>";
		};
		A73CD382297256D400C4F41A /* LaunchScreen.storyboard */ = {
			isa = PBXVariantGroup;
			children = (
				A73CD383297256D400C4F41A /* Base */,
			);
			name = LaunchScreen.storyboard;
			sourceTree = "<group>";
		};
/* End PBXVariantGroup section */

/* Begin XCBuildConfiguration section */
		A73CD39C297256D500C4F41A /* Debug */ = {
			isa = XCBuildConfiguration;
			buildSettings = {
				ALWAYS_SEARCH_USER_PATHS = NO;
				CLANG_ANALYZER_NONNULL = YES;
				CLANG_ANALYZER_NUMBER_OBJECT_CONVERSION = YES_AGGRESSIVE;
				CLANG_CXX_LANGUAGE_STANDARD = "gnu++20";
				CLANG_ENABLE_MODULES = YES;
				CLANG_ENABLE_OBJC_ARC = YES;
				CLANG_ENABLE_OBJC_WEAK = YES;
				CLANG_WARN_BLOCK_CAPTURE_AUTORELEASING = YES;
				CLANG_WARN_BOOL_CONVERSION = YES;
				CLANG_WARN_COMMA = YES;
				CLANG_WARN_CONSTANT_CONVERSION = YES;
				CLANG_WARN_DEPRECATED_OBJC_IMPLEMENTATIONS = YES;
				CLANG_WARN_DIRECT_OBJC_ISA_USAGE = YES_ERROR;
				CLANG_WARN_DOCUMENTATION_COMMENTS = YES;
				CLANG_WARN_EMPTY_BODY = YES;
				CLANG_WARN_ENUM_CONVERSION = YES;
				CLANG_WARN_INFINITE_RECURSION = YES;
				CLANG_WARN_INT_CONVERSION = YES;
				CLANG_WARN_NON_LITERAL_NULL_CONVERSION = YES;
				CLANG_WARN_OBJC_IMPLICIT_RETAIN_SELF = YES;
				CLANG_WARN_OBJC_LITERAL_CONVERSION = YES;
				CLANG_WARN_OBJC_ROOT_CLASS = YES_ERROR;
				CLANG_WARN_QUOTED_INCLUDE_IN_FRAMEWORK_HEADER = YES;
				CLANG_WARN_RANGE_LOOP_ANALYSIS = YES;
				CLANG_WARN_STRICT_PROTOTYPES = YES;
				CLANG_WARN_SUSPICIOUS_MOVE = YES;
				CLANG_WARN_UNGUARDED_AVAILABILITY = YES_AGGRESSIVE;
				CLANG_WARN_UNREACHABLE_CODE = YES;
				CLANG_WARN__DUPLICATE_METHOD_MATCH = YES;
				COPY_PHASE_STRIP = NO;
				DEBUG_INFORMATION_FORMAT = dwarf;
				ENABLE_STRICT_OBJC_MSGSEND = YES;
				ENABLE_TESTABILITY = YES;
				GCC_C_LANGUAGE_STANDARD = gnu11;
				GCC_DYNAMIC_NO_PIC = NO;
				GCC_NO_COMMON_BLOCKS = YES;
				GCC_OPTIMIZATION_LEVEL = 0;
				GCC_PREPROCESSOR_DEFINITIONS = (
					"DEBUG=1",
					"$(inherited)",
				);
				GCC_WARN_64_TO_32_BIT_CONVERSION = YES;
				GCC_WARN_ABOUT_RETURN_TYPE = YES_ERROR;
				GCC_WARN_UNDECLARED_SELECTOR = YES;
				GCC_WARN_UNINITIALIZED_AUTOS = YES_AGGRESSIVE;
				GCC_WARN_UNUSED_FUNCTION = YES;
				GCC_WARN_UNUSED_VARIABLE = YES;
				IPHONEOS_DEPLOYMENT_TARGET = 16.2;
				MTL_ENABLE_DEBUG_INFO = INCLUDE_SOURCE;
				MTL_FAST_MATH = YES;
				ONLY_ACTIVE_ARCH = YES;
				SDKROOT = iphoneos;
				SWIFT_ACTIVE_COMPILATION_CONDITIONS = DEBUG;
				SWIFT_OPTIMIZATION_LEVEL = "-Onone";
			};
			name = Debug;
		};
		A73CD39D297256D500C4F41A /* Release */ = {
			isa = XCBuildConfiguration;
			buildSettings = {
				ALWAYS_SEARCH_USER_PATHS = NO;
				CLANG_ANALYZER_NONNULL = YES;
				CLANG_ANALYZER_NUMBER_OBJECT_CONVERSION = YES_AGGRESSIVE;
				CLANG_CXX_LANGUAGE_STANDARD = "gnu++20";
				CLANG_ENABLE_MODULES = YES;
				CLANG_ENABLE_OBJC_ARC = YES;
				CLANG_ENABLE_OBJC_WEAK = YES;
				CLANG_WARN_BLOCK_CAPTURE_AUTORELEASING = YES;
				CLANG_WARN_BOOL_CONVERSION = YES;
				CLANG_WARN_COMMA = YES;
				CLANG_WARN_CONSTANT_CONVERSION = YES;
				CLANG_WARN_DEPRECATED_OBJC_IMPLEMENTATIONS = YES;
				CLANG_WARN_DIRECT_OBJC_ISA_USAGE = YES_ERROR;
				CLANG_WARN_DOCUMENTATION_COMMENTS = YES;
				CLANG_WARN_EMPTY_BODY = YES;
				CLANG_WARN_ENUM_CONVERSION = YES;
				CLANG_WARN_INFINITE_RECURSION = YES;
				CLANG_WARN_INT_CONVERSION = YES;
				CLANG_WARN_NON_LITERAL_NULL_CONVERSION = YES;
				CLANG_WARN_OBJC_IMPLICIT_RETAIN_SELF = YES;
				CLANG_WARN_OBJC_LITERAL_CONVERSION = YES;
				CLANG_WARN_OBJC_ROOT_CLASS = YES_ERROR;
				CLANG_WARN_QUOTED_INCLUDE_IN_FRAMEWORK_HEADER = YES;
				CLANG_WARN_RANGE_LOOP_ANALYSIS = YES;
				CLANG_WARN_STRICT_PROTOTYPES = YES;
				CLANG_WARN_SUSPICIOUS_MOVE = YES;
				CLANG_WARN_UNGUARDED_AVAILABILITY = YES_AGGRESSIVE;
				CLANG_WARN_UNREACHABLE_CODE = YES;
				CLANG_WARN__DUPLICATE_METHOD_MATCH = YES;
				COPY_PHASE_STRIP = NO;
				DEBUG_INFORMATION_FORMAT = "dwarf-with-dsym";
				ENABLE_NS_ASSERTIONS = NO;
				ENABLE_STRICT_OBJC_MSGSEND = YES;
				GCC_C_LANGUAGE_STANDARD = gnu11;
				GCC_NO_COMMON_BLOCKS = YES;
				GCC_WARN_64_TO_32_BIT_CONVERSION = YES;
				GCC_WARN_ABOUT_RETURN_TYPE = YES_ERROR;
				GCC_WARN_UNDECLARED_SELECTOR = YES;
				GCC_WARN_UNINITIALIZED_AUTOS = YES_AGGRESSIVE;
				GCC_WARN_UNUSED_FUNCTION = YES;
				GCC_WARN_UNUSED_VARIABLE = YES;
				IPHONEOS_DEPLOYMENT_TARGET = 16.2;
				MTL_ENABLE_DEBUG_INFO = NO;
				MTL_FAST_MATH = YES;
				SDKROOT = iphoneos;
				SWIFT_COMPILATION_MODE = wholemodule;
				SWIFT_OPTIMIZATION_LEVEL = "-O";
				VALIDATE_PRODUCT = YES;
			};
			name = Release;
		};
		A73CD39F297256D500C4F41A /* Debug */ = {
			isa = XCBuildConfiguration;
			buildSettings = {
				ASSETCATALOG_COMPILER_APPICON_NAME = AppIcon;
				ASSETCATALOG_COMPILER_GLOBAL_ACCENT_COLOR_NAME = AccentColor;
				CODE_SIGN_STYLE = Automatic;
				CURRENT_PROJECT_VERSION = 1;
				GENERATE_INFOPLIST_FILE = YES;
				INFOPLIST_FILE = ArStyles/Info.plist;
				INFOPLIST_KEY_UIApplicationSupportsIndirectInputEvents = YES;
				INFOPLIST_KEY_UILaunchStoryboardName = LaunchScreen;
				INFOPLIST_KEY_UIMainStoryboardFile = Main;
				INFOPLIST_KEY_UISupportedInterfaceOrientations_iPad = "UIInterfaceOrientationPortrait UIInterfaceOrientationPortraitUpsideDown UIInterfaceOrientationLandscapeLeft UIInterfaceOrientationLandscapeRight";
				INFOPLIST_KEY_UISupportedInterfaceOrientations_iPhone = "UIInterfaceOrientationPortrait UIInterfaceOrientationLandscapeLeft UIInterfaceOrientationLandscapeRight";
				LD_RUNPATH_SEARCH_PATHS = (
					"$(inherited)",
					"@executable_path/Frameworks",
				);
				MARKETING_VERSION = 1.0;
				PRODUCT_BUNDLE_IDENTIFIER = mx.erick.ArStyles;
				PRODUCT_NAME = "$(TARGET_NAME)";
				SWIFT_EMIT_LOC_STRINGS = YES;
				SWIFT_VERSION = 5.0;
				TARGETED_DEVICE_FAMILY = "1,2";
			};
			name = Debug;
		};
		A73CD3A0297256D500C4F41A /* Release */ = {
			isa = XCBuildConfiguration;
			buildSettings = {
				ASSETCATALOG_COMPILER_APPICON_NAME = AppIcon;
				ASSETCATALOG_COMPILER_GLOBAL_ACCENT_COLOR_NAME = AccentColor;
				CODE_SIGN_STYLE = Automatic;
				CURRENT_PROJECT_VERSION = 1;
				GENERATE_INFOPLIST_FILE = YES;
				INFOPLIST_FILE = ArStyles/Info.plist;
				INFOPLIST_KEY_UIApplicationSupportsIndirectInputEvents = YES;
				INFOPLIST_KEY_UILaunchStoryboardName = LaunchScreen;
				INFOPLIST_KEY_UIMainStoryboardFile = Main;
				INFOPLIST_KEY_UISupportedInterfaceOrientations_iPad = "UIInterfaceOrientationPortrait UIInterfaceOrientationPortraitUpsideDown UIInterfaceOrientationLandscapeLeft UIInterfaceOrientationLandscapeRight";
				INFOPLIST_KEY_UISupportedInterfaceOrientations_iPhone = "UIInterfaceOrientationPortrait UIInterfaceOrientationLandscapeLeft UIInterfaceOrientationLandscapeRight";
				LD_RUNPATH_SEARCH_PATHS = (
					"$(inherited)",
					"@executable_path/Frameworks",
				);
				MARKETING_VERSION = 1.0;
				PRODUCT_BUNDLE_IDENTIFIER = mx.erick.ArStyles;
				PRODUCT_NAME = "$(TARGET_NAME)";
				SWIFT_EMIT_LOC_STRINGS = YES;
				SWIFT_VERSION = 5.0;
				TARGETED_DEVICE_FAMILY = "1,2";
			};
			name = Release;
		};
		A73CD3A2297256D500C4F41A /* Debug */ = {
			isa = XCBuildConfiguration;
			buildSettings = {
				ALWAYS_EMBED_SWIFT_STANDARD_LIBRARIES = YES;
				BUNDLE_LOADER = "$(TEST_HOST)";
				CODE_SIGN_STYLE = Automatic;
				CURRENT_PROJECT_VERSION = 1;
				GENERATE_INFOPLIST_FILE = YES;
				IPHONEOS_DEPLOYMENT_TARGET = 16.2;
				MARKETING_VERSION = 1.0;
				PRODUCT_BUNDLE_IDENTIFIER = mx.erick.ArStylesTests;
				PRODUCT_NAME = "$(TARGET_NAME)";
				SWIFT_EMIT_LOC_STRINGS = NO;
				SWIFT_VERSION = 5.0;
				TARGETED_DEVICE_FAMILY = "1,2";
				TEST_HOST = "$(BUILT_PRODUCTS_DIR)/ArStyles.app/$(BUNDLE_EXECUTABLE_FOLDER_PATH)/ArStyles";
			};
			name = Debug;
		};
		A73CD3A3297256D500C4F41A /* Release */ = {
			isa = XCBuildConfiguration;
			buildSettings = {
				ALWAYS_EMBED_SWIFT_STANDARD_LIBRARIES = YES;
				BUNDLE_LOADER = "$(TEST_HOST)";
				CODE_SIGN_STYLE = Automatic;
				CURRENT_PROJECT_VERSION = 1;
				GENERATE_INFOPLIST_FILE = YES;
				IPHONEOS_DEPLOYMENT_TARGET = 16.2;
				MARKETING_VERSION = 1.0;
				PRODUCT_BUNDLE_IDENTIFIER = mx.erick.ArStylesTests;
				PRODUCT_NAME = "$(TARGET_NAME)";
				SWIFT_EMIT_LOC_STRINGS = NO;
				SWIFT_VERSION = 5.0;
				TARGETED_DEVICE_FAMILY = "1,2";
				TEST_HOST = "$(BUILT_PRODUCTS_DIR)/ArStyles.app/$(BUNDLE_EXECUTABLE_FOLDER_PATH)/ArStyles";
			};
			name = Release;
		};
		A73CD3A5297256D500C4F41A /* Debug */ = {
			isa = XCBuildConfiguration;
			buildSettings = {
				ALWAYS_EMBED_SWIFT_STANDARD_LIBRARIES = YES;
				CODE_SIGN_STYLE = Automatic;
				CURRENT_PROJECT_VERSION = 1;
				GENERATE_INFOPLIST_FILE = YES;
				MARKETING_VERSION = 1.0;
				PRODUCT_BUNDLE_IDENTIFIER = mx.erick.ArStylesUITests;
				PRODUCT_NAME = "$(TARGET_NAME)";
				SWIFT_EMIT_LOC_STRINGS = NO;
				SWIFT_VERSION = 5.0;
				TARGETED_DEVICE_FAMILY = "1,2";
				TEST_TARGET_NAME = ArStyles;
			};
			name = Debug;
		};
		A73CD3A6297256D500C4F41A /* Release */ = {
			isa = XCBuildConfiguration;
			buildSettings = {
				ALWAYS_EMBED_SWIFT_STANDARD_LIBRARIES = YES;
				CODE_SIGN_STYLE = Automatic;
				CURRENT_PROJECT_VERSION = 1;
				GENERATE_INFOPLIST_FILE = YES;
				MARKETING_VERSION = 1.0;
				PRODUCT_BUNDLE_IDENTIFIER = mx.erick.ArStylesUITests;
				PRODUCT_NAME = "$(TARGET_NAME)";
				SWIFT_EMIT_LOC_STRINGS = NO;
				SWIFT_VERSION = 5.0;
				TARGETED_DEVICE_FAMILY = "1,2";
				TEST_TARGET_NAME = ArStyles;
			};
			name = Release;
		};
/* End XCBuildConfiguration section */

/* Begin XCConfigurationList section */
		A73CD36F297256D400C4F41A /* Build configuration list for PBXProject "ArStyles" */ = {
			isa = XCConfigurationList;
			buildConfigurations = (
				A73CD39C297256D500C4F41A /* Debug */,
				A73CD39D297256D500C4F41A /* Release */,
			);
			defaultConfigurationIsVisible = 0;
			defaultConfigurationName = Release;
		};
		A73CD39E297256D500C4F41A /* Build configuration list for PBXNativeTarget "ArStyles" */ = {
			isa = XCConfigurationList;
			buildConfigurations = (
				A73CD39F297256D500C4F41A /* Debug */,
				A73CD3A0297256D500C4F41A /* Release */,
			);
			defaultConfigurationIsVisible = 0;
			defaultConfigurationName = Release;
		};
		A73CD3A1297256D500C4F41A /* Build configuration list for PBXNativeTarget "ArStylesTests" */ = {
			isa = XCConfigurationList;
			buildConfigurations = (
				A73CD3A2297256D500C4F41A /* Debug */,
				A73CD3A3297256D500C4F41A /* Release */,
			);
			defaultConfigurationIsVisible = 0;
			defaultConfigurationName = Release;
		};
		A73CD3A4297256D500C4F41A /* Build configuration list for PBXNativeTarget "ArStylesUITests" */ = {
			isa = XCConfigurationList;
			buildConfigurations = (
				A73CD3A5297256D500C4F41A /* Debug */,
				A73CD3A6297256D500C4F41A /* Release */,
			);
			defaultConfigurationIsVisible = 0;
			defaultConfigurationName = Release;
		};
/* End XCConfigurationList section */
	};
	rootObject = A73CD36C297256D400C4F41A /* Project object */;
}
